// !$*UTF8*$!
{
	archiveVersion = 1;
	classes = {
	};
	objectVersion = 46;
	objects = {

/* Begin PBXBuildFile section */
		510C4A211B5FFA2300755A0E /* main.m in Sources */ = {isa = PBXBuildFile; fileRef = 510C4A201B5FFA2300755A0E /* main.m */; };
		510C4A241B5FFA2300755A0E /* AppDelegate.m in Sources */ = {isa = PBXBuildFile; fileRef = 510C4A231B5FFA2300755A0E /* AppDelegate.m */; };
		510C4A271B5FFA2300755A0E /* ViewController.m in Sources */ = {isa = PBXBuildFile; fileRef = 510C4A261B5FFA2300755A0E /* ViewController.m */; };
		510C4A2A1B5FFA2300755A0E /* Main.storyboard in Resources */ = {isa = PBXBuildFile; fileRef = 510C4A281B5FFA2300755A0E /* Main.storyboard */; };
		510C4A2C1B5FFA2300755A0E /* Images.xcassets in Resources */ = {isa = PBXBuildFile; fileRef = 510C4A2B1B5FFA2300755A0E /* Images.xcassets */; };
		510C4A2F1B5FFA2300755A0E /* LaunchScreen.xib in Resources */ = {isa = PBXBuildFile; fileRef = 510C4A2D1B5FFA2300755A0E /* LaunchScreen.xib */; };
		510C4A3B1B5FFA2300755A0E /* TwitterUI1Tests.m in Sources */ = {isa = PBXBuildFile; fileRef = 510C4A3A1B5FFA2300755A0E /* TwitterUI1Tests.m */; };
		5125D2611B631E370047F050 /* accounts@2x.png in Resources */ = {isa = PBXBuildFile; fileRef = 5125D2511B631E370047F050 /* accounts@2x.png */; };
		5125D2621B631E370047F050 /* arrow-back-128_white.png in Resources */ = {isa = PBXBuildFile; fileRef = 5125D2521B631E370047F050 /* arrow-back-128_white.png */; };
		5125D2631B631E370047F050 /* Bob-Ross2.jpg in Resources */ = {isa = PBXBuildFile; fileRef = 5125D2531B631E370047F050 /* Bob-Ross2.jpg */; };
		5125D2641B631E370047F050 /* compose_shadow_white.png in Resources */ = {isa = PBXBuildFile; fileRef = 5125D2541B631E370047F050 /* compose_shadow_white.png */; };
		5125D2651B631E370047F050 /* compose@2x.png in Resources */ = {isa = PBXBuildFile; fileRef = 5125D2551B631E370047F050 /* compose@2x.png */; };
		5125D2661B631E370047F050 /* cover@2x.jpeg in Resources */ = {isa = PBXBuildFile; fileRef = 5125D2561B631E370047F050 /* cover@2x.jpeg */; };
		5125D2671B631E370047F050 /* home@2x.png in Resources */ = {isa = PBXBuildFile; fileRef = 5125D2571B631E370047F050 /* home@2x.png */; };
		5125D2681B631E370047F050 /* iconnoteven.png in Resources */ = {isa = PBXBuildFile; fileRef = 5125D2581B631E370047F050 /* iconnoteven.png */; };
		5125D2691B631E370047F050 /* location@2x.png in Resources */ = {isa = PBXBuildFile; fileRef = 5125D2591B631E370047F050 /* location@2x.png */; };
		5125D26A1B631E370047F050 /* messages@2x.png in Resources */ = {isa = PBXBuildFile; fileRef = 5125D25A1B631E370047F050 /* messages@2x.png */; };
		5125D26B1B631E370047F050 /* notifications@2x.png in Resources */ = {isa = PBXBuildFile; fileRef = 5125D25B1B631E370047F050 /* notifications@2x.png */; };
		5125D26C1B631E370047F050 /* search_2x-white_shadow.png in Resources */ = {isa = PBXBuildFile; fileRef = 5125D25C1B631E370047F050 /* search_2x-white_shadow.png */; };
		5125D26D1B631E370047F050 /* search@2x.png in Resources */ = {isa = PBXBuildFile; fileRef = 5125D25D1B631E370047F050 /* search@2x.png */; };
		5125D26E1B631E370047F050 /* searchicon.jpg in Resources */ = {isa = PBXBuildFile; fileRef = 5125D25E1B631E370047F050 /* searchicon.jpg */; };
		5125D26F1B631E370047F050 /* settings@2x.png in Resources */ = {isa = PBXBuildFile; fileRef = 5125D25F1B631E370047F050 /* settings@2x.png */; };
		5125D2701B631E370047F050 /* user@2x.png in Resources */ = {isa = PBXBuildFile; fileRef = 5125D2601B631E370047F050 /* user@2x.png */; };
/* End PBXBuildFile section */

/* Begin PBXContainerItemProxy section */
		510C4A351B5FFA2300755A0E /* PBXContainerItemProxy */ = {
			isa = PBXContainerItemProxy;
			containerPortal = 510C4A131B5FFA2300755A0E /* Project object */;
			proxyType = 1;
			remoteGlobalIDString = 510C4A1A1B5FFA2300755A0E;
			remoteInfo = TwitterUI1;
		};
/* End PBXContainerItemProxy section */

/* Begin PBXFileReference section */
		510C4A1B1B5FFA2300755A0E /* TwitterUI1.app */ = {isa = PBXFileReference; explicitFileType = wrapper.application; includeInIndex = 0; path = TwitterUI1.app; sourceTree = BUILT_PRODUCTS_DIR; };
		510C4A1F1B5FFA2300755A0E /* Info.plist */ = {isa = PBXFileReference; lastKnownFileType = text.plist.xml; path = Info.plist; sourceTree = "<group>"; };
		510C4A201B5FFA2300755A0E /* main.m */ = {isa = PBXFileReference; lastKnownFileType = sourcecode.c.objc; path = main.m; sourceTree = "<group>"; };
		510C4A221B5FFA2300755A0E /* AppDelegate.h */ = {isa = PBXFileReference; lastKnownFileType = sourcecode.c.h; path = AppDelegate.h; sourceTree = "<group>"; };
		510C4A231B5FFA2300755A0E /* AppDelegate.m */ = {isa = PBXFileReference; lastKnownFileType = sourcecode.c.objc; path = AppDelegate.m; sourceTree = "<group>"; };
		510C4A251B5FFA2300755A0E /* ViewController.h */ = {isa = PBXFileReference; lastKnownFileType = sourcecode.c.h; path = ViewController.h; sourceTree = "<group>"; };
		510C4A261B5FFA2300755A0E /* ViewController.m */ = {isa = PBXFileReference; lastKnownFileType = sourcecode.c.objc; path = ViewController.m; sourceTree = "<group>"; };
		510C4A291B5FFA2300755A0E /* Base */ = {isa = PBXFileReference; lastKnownFileType = file.storyboard; name = Base; path = Base.lproj/Main.storyboard; sourceTree = "<group>"; };
		510C4A2B1B5FFA2300755A0E /* Images.xcassets */ = {isa = PBXFileReference; lastKnownFileType = folder.assetcatalog; path = Images.xcassets; sourceTree = "<group>"; };
		510C4A2E1B5FFA2300755A0E /* Base */ = {isa = PBXFileReference; lastKnownFileType = file.xib; name = Base; path = Base.lproj/LaunchScreen.xib; sourceTree = "<group>"; };
		510C4A341B5FFA2300755A0E /* TwitterUI1Tests.xctest */ = {isa = PBXFileReference; explicitFileType = wrapper.cfbundle; includeInIndex = 0; path = TwitterUI1Tests.xctest; sourceTree = BUILT_PRODUCTS_DIR; };
		510C4A391B5FFA2300755A0E /* Info.plist */ = {isa = PBXFileReference; lastKnownFileType = text.plist.xml; path = Info.plist; sourceTree = "<group>"; };
		510C4A3A1B5FFA2300755A0E /* TwitterUI1Tests.m */ = {isa = PBXFileReference; lastKnownFileType = sourcecode.c.objc; path = TwitterUI1Tests.m; sourceTree = "<group>"; };
		5125D2511B631E370047F050 /* accounts@2x.png */ = {isa = PBXFileReference; lastKnownFileType = image.png; path = "accounts@2x.png"; sourceTree = "<group>"; };
		5125D2521B631E370047F050 /* arrow-back-128_white.png */ = {isa = PBXFileReference; lastKnownFileType = image.png; path = "arrow-back-128_white.png"; sourceTree = "<group>"; };
		5125D2531B631E370047F050 /* Bob-Ross2.jpg */ = {isa = PBXFileReference; lastKnownFileType = image.jpeg; path = "Bob-Ross2.jpg"; sourceTree = "<group>"; };
		5125D2541B631E370047F050 /* compose_shadow_white.png */ = {isa = PBXFileReference; lastKnownFileType = image.png; path = compose_shadow_white.png; sourceTree = "<group>"; };
		5125D2551B631E370047F050 /* compose@2x.png */ = {isa = PBXFileReference; lastKnownFileType = image.png; path = "compose@2x.png"; sourceTree = "<group>"; };
		5125D2561B631E370047F050 /* cover@2x.jpeg */ = {isa = PBXFileReference; lastKnownFileType = image.jpeg; path = "cover@2x.jpeg"; sourceTree = "<group>"; };
		5125D2571B631E370047F050 /* home@2x.png */ = {isa = PBXFileReference; lastKnownFileType = image.png; path = "home@2x.png"; sourceTree = "<group>"; };
		5125D2581B631E370047F050 /* iconnoteven.png */ = {isa = PBXFileReference; lastKnownFileType = image.png; path = iconnoteven.png; sourceTree = "<group>"; };
		5125D2591B631E370047F050 /* location@2x.png */ = {isa = PBXFileReference; lastKnownFileType = image.png; path = "location@2x.png"; sourceTree = "<group>"; };
		5125D25A1B631E370047F050 /* messages@2x.png */ = {isa = PBXFileReference; lastKnownFileType = image.png; path = "messages@2x.png"; sourceTree = "<group>"; };
		5125D25B1B631E370047F050 /* notifications@2x.png */ = {isa = PBXFileReference; lastKnownFileType = image.png; path = "notifications@2x.png"; sourceTree = "<group>"; };
		5125D25C1B631E370047F050 /* search_2x-white_shadow.png */ = {isa = PBXFileReference; lastKnownFileType = image.png; path = "search_2x-white_shadow.png"; sourceTree = "<group>"; };
		5125D25D1B631E370047F050 /* search@2x.png */ = {isa = PBXFileReference; lastKnownFileType = image.png; path = "search@2x.png"; sourceTree = "<group>"; };
		5125D25E1B631E370047F050 /* searchicon.jpg */ = {isa = PBXFileReference; lastKnownFileType = image.jpeg; path = searchicon.jpg; sourceTree = "<group>"; };
		5125D25F1B631E370047F050 /* settings@2x.png */ = {isa = PBXFileReference; lastKnownFileType = image.png; path = "settings@2x.png"; sourceTree = "<group>"; };
		5125D2601B631E370047F050 /* user@2x.png */ = {isa = PBXFileReference; lastKnownFileType = image.png; path = "user@2x.png"; sourceTree = "<group>"; };
/* End PBXFileReference section */

/* Begin PBXFrameworksBuildPhase section */
		510C4A181B5FFA2300755A0E /* Frameworks */ = {
			isa = PBXFrameworksBuildPhase;
			buildActionMask = 2147483647;
			files = (
			);
			runOnlyForDeploymentPostprocessing = 0;
		};
		510C4A311B5FFA2300755A0E /* Frameworks */ = {
			isa = PBXFrameworksBuildPhase;
			buildActionMask = 2147483647;
			files = (
			);
			runOnlyForDeploymentPostprocessing = 0;
		};
/* End PBXFrameworksBuildPhase section */

/* Begin PBXGroup section */
		510C4A121B5FFA2300755A0E = {
			isa = PBXGroup;
			children = (
				510C4A1D1B5FFA2300755A0E /* TwitterUI1 */,
				510C4A371B5FFA2300755A0E /* TwitterUI1Tests */,
				510C4A1C1B5FFA2300755A0E /* Products */,
			);
			sourceTree = "<group>";
		};
		510C4A1C1B5FFA2300755A0E /* Products */ = {
			isa = PBXGroup;
			children = (
				510C4A1B1B5FFA2300755A0E /* TwitterUI1.app */,
				510C4A341B5FFA2300755A0E /* TwitterUI1Tests.xctest */,
			);
			name = Products;
			sourceTree = "<group>";
		};
		510C4A1D1B5FFA2300755A0E /* TwitterUI1 */ = {
			isa = PBXGroup;
			children = (
				510C4A221B5FFA2300755A0E /* AppDelegate.h */,
				510C4A231B5FFA2300755A0E /* AppDelegate.m */,
				510C4A251B5FFA2300755A0E /* ViewController.h */,
				510C4A261B5FFA2300755A0E /* ViewController.m */,
				510C4A281B5FFA2300755A0E /* Main.storyboard */,
				510C4A2B1B5FFA2300755A0E /* Images.xcassets */,
				510C4A2D1B5FFA2300755A0E /* LaunchScreen.xib */,
				510C4A1E1B5FFA2300755A0E /* Supporting Files */,
			);
			path = TwitterUI1;
			sourceTree = "<group>";
		};
		510C4A1E1B5FFA2300755A0E /* Supporting Files */ = {
			isa = PBXGroup;
			children = (
				5125D2511B631E370047F050 /* accounts@2x.png */,
				5125D2521B631E370047F050 /* arrow-back-128_white.png */,
				5125D2531B631E370047F050 /* Bob-Ross2.jpg */,
				5125D2541B631E370047F050 /* compose_shadow_white.png */,
				5125D2551B631E370047F050 /* compose@2x.png */,
				5125D2561B631E370047F050 /* cover@2x.jpeg */,
				5125D2571B631E370047F050 /* home@2x.png */,
				5125D2581B631E370047F050 /* iconnoteven.png */,
				5125D2591B631E370047F050 /* location@2x.png */,
				5125D25A1B631E370047F050 /* messages@2x.png */,
				5125D25B1B631E370047F050 /* notifications@2x.png */,
				5125D25C1B631E370047F050 /* search_2x-white_shadow.png */,
				5125D25D1B631E370047F050 /* search@2x.png */,
				5125D25E1B631E370047F050 /* searchicon.jpg */,
				5125D25F1B631E370047F050 /* settings@2x.png */,
				5125D2601B631E370047F050 /* user@2x.png */,
				510C4A1F1B5FFA2300755A0E /* Info.plist */,
				510C4A201B5FFA2300755A0E /* main.m */,
			);
			name = "Supporting Files";
			sourceTree = "<group>";
		};
		510C4A371B5FFA2300755A0E /* TwitterUI1Tests */ = {
			isa = PBXGroup;
			children = (
				510C4A3A1B5FFA2300755A0E /* TwitterUI1Tests.m */,
				510C4A381B5FFA2300755A0E /* Supporting Files */,
			);
			path = TwitterUI1Tests;
			sourceTree = "<group>";
		};
		510C4A381B5FFA2300755A0E /* Supporting Files */ = {
			isa = PBXGroup;
			children = (
				510C4A391B5FFA2300755A0E /* Info.plist */,
			);
			name = "Supporting Files";
			sourceTree = "<group>";
		};
/* End PBXGroup section */

/* Begin PBXNativeTarget section */
		510C4A1A1B5FFA2300755A0E /* TwitterUI1 */ = {
			isa = PBXNativeTarget;
			buildConfigurationList = 510C4A3E1B5FFA2300755A0E /* Build configuration list for PBXNativeTarget "TwitterUI1" */;
			buildPhases = (
				510C4A171B5FFA2300755A0E /* Sources */,
				510C4A181B5FFA2300755A0E /* Frameworks */,
				510C4A191B5FFA2300755A0E /* Resources */,
			);
			buildRules = (
			);
			dependencies = (
			);
			name = TwitterUI1;
			productName = TwitterUI1;
			productReference = 510C4A1B1B5FFA2300755A0E /* TwitterUI1.app */;
			productType = "com.apple.product-type.application";
		};
		510C4A331B5FFA2300755A0E /* TwitterUI1Tests */ = {
			isa = PBXNativeTarget;
			buildConfigurationList = 510C4A411B5FFA2300755A0E /* Build configuration list for PBXNativeTarget "TwitterUI1Tests" */;
			buildPhases = (
				510C4A301B5FFA2300755A0E /* Sources */,
				510C4A311B5FFA2300755A0E /* Frameworks */,
				510C4A321B5FFA2300755A0E /* Resources */,
			);
			buildRules = (
			);
			dependencies = (
				510C4A361B5FFA2300755A0E /* PBXTargetDependency */,
			);
			name = TwitterUI1Tests;
			productName = TwitterUI1Tests;
			productReference = 510C4A341B5FFA2300755A0E /* TwitterUI1Tests.xctest */;
			productType = "com.apple.product-type.bundle.unit-test";
		};
/* End PBXNativeTarget section */

/* Begin PBXProject section */
		510C4A131B5FFA2300755A0E /* Project object */ = {
			isa = PBXProject;
			attributes = {
				LastUpgradeCheck = 0640;
				ORGANIZATIONNAME = "Natalia Estrella";
				TargetAttributes = {
					510C4A1A1B5FFA2300755A0E = {
						CreatedOnToolsVersion = 6.4;
					};
					510C4A331B5FFA2300755A0E = {
						CreatedOnToolsVersion = 6.4;
						TestTargetID = 510C4A1A1B5FFA2300755A0E;
					};
				};
			};
			buildConfigurationList = 510C4A161B5FFA2300755A0E /* Build configuration list for PBXProject "TwitterUI1" */;
			compatibilityVersion = "Xcode 3.2";
			developmentRegion = English;
			hasScannedForEncodings = 0;
			knownRegions = (
				en,
				Base,
			);
			mainGroup = 510C4A121B5FFA2300755A0E;
			productRefGroup = 510C4A1C1B5FFA2300755A0E /* Products */;
			projectDirPath = "";
			projectRoot = "";
			targets = (
				510C4A1A1B5FFA2300755A0E /* TwitterUI1 */,
				510C4A331B5FFA2300755A0E /* TwitterUI1Tests */,
			);
		};
/* End PBXProject section */

/* Begin PBXResourcesBuildPhase section */
		510C4A191B5FFA2300755A0E /* Resources */ = {
			isa = PBXResourcesBuildPhase;
			buildActionMask = 2147483647;
			files = (
				5125D2701B631E370047F050 /* user@2x.png in Resources */,
				5125D26D1B631E370047F050 /* search@2x.png in Resources */,
				5125D26F1B631E370047F050 /* settings@2x.png in Resources */,
				5125D2641B631E370047F050 /* compose_shadow_white.png in Resources */,
				5125D26C1B631E370047F050 /* search_2x-white_shadow.png in Resources */,
				5125D26B1B631E370047F050 /* notifications@2x.png in Resources */,
				5125D2651B631E370047F050 /* compose@2x.png in Resources */,
				5125D2611B631E370047F050 /* accounts@2x.png in Resources */,
				5125D26E1B631E370047F050 /* searchicon.jpg in Resources */,
				510C4A2A1B5FFA2300755A0E /* Main.storyboard in Resources */,
				510C4A2F1B5FFA2300755A0E /* LaunchScreen.xib in Resources */,
				5125D2681B631E370047F050 /* iconnoteven.png in Resources */,
				5125D26A1B631E370047F050 /* messages@2x.png in Resources */,
				5125D2671B631E370047F050 /* home@2x.png in Resources */,
				510C4A2C1B5FFA2300755A0E /* Images.xcassets in Resources */,
				5125D2661B631E370047F050 /* cover@2x.jpeg in Resources */,
				5125D2691B631E370047F050 /* location@2x.png in Resources */,
				5125D2621B631E370047F050 /* arrow-back-128_white.png in Resources */,
				5125D2631B631E370047F050 /* Bob-Ross2.jpg in Resources */,
			);
			runOnlyForDeploymentPostprocessing = 0;
		};
		510C4A321B5FFA2300755A0E /* Resources */ = {
			isa = PBXResourcesBuildPhase;
			buildActionMask = 2147483647;
			files = (
			);
			runOnlyForDeploymentPostprocessing = 0;
		};
/* End PBXResourcesBuildPhase section */

/* Begin PBXSourcesBuildPhase section */
		510C4A171B5FFA2300755A0E /* Sources */ = {
			isa = PBXSourcesBuildPhase;
			buildActionMask = 2147483647;
			files = (
				510C4A271B5FFA2300755A0E /* ViewController.m in Sources */,
				510C4A241B5FFA2300755A0E /* AppDelegate.m in Sources */,
				510C4A211B5FFA2300755A0E /* main.m in Sources */,
			);
			runOnlyForDeploymentPostprocessing = 0;
		};
		510C4A301B5FFA2300755A0E /* Sources */ = {
			isa = PBXSourcesBuildPhase;
			buildActionMask = 2147483647;
			files = (
				510C4A3B1B5FFA2300755A0E /* TwitterUI1Tests.m in Sources */,
			);
			runOnlyForDeploymentPostprocessing = 0;
		};
/* End PBXSourcesBuildPhase section */

/* Begin PBXTargetDependency section */
		510C4A361B5FFA2300755A0E /* PBXTargetDependency */ = {
			isa = PBXTargetDependency;
			target = 510C4A1A1B5FFA2300755A0E /* TwitterUI1 */;
			targetProxy = 510C4A351B5FFA2300755A0E /* PBXContainerItemProxy */;
		};
/* End PBXTargetDependency section */

/* Begin PBXVariantGroup section */
		510C4A281B5FFA2300755A0E /* Main.storyboard */ = {
			isa = PBXVariantGroup;
			children = (
				510C4A291B5FFA2300755A0E /* Base */,
			);
			name = Main.storyboard;
			sourceTree = "<group>";
		};
		510C4A2D1B5FFA2300755A0E /* LaunchScreen.xib */ = {
			isa = PBXVariantGroup;
			children = (
				510C4A2E1B5FFA2300755A0E /* Base */,
			);
			name = LaunchScreen.xib;
			sourceTree = "<group>";
		};
/* End PBXVariantGroup section */

/* Begin XCBuildConfiguration section */
		510C4A3C1B5FFA2300755A0E /* Debug */ = {
			isa = XCBuildConfiguration;
			buildSettings = {
				ALWAYS_SEARCH_USER_PATHS = NO;
				CLANG_CXX_LANGUAGE_STANDARD = "gnu++0x";
				CLANG_CXX_LIBRARY = "libc++";
				CLANG_ENABLE_MODULES = YES;
				CLANG_ENABLE_OBJC_ARC = YES;
				CLANG_WARN_BOOL_CONVERSION = YES;
				CLANG_WARN_CONSTANT_CONVERSION = YES;
				CLANG_WARN_DIRECT_OBJC_ISA_USAGE = YES_ERROR;
				CLANG_WARN_EMPTY_BODY = YES;
				CLANG_WARN_ENUM_CONVERSION = YES;
				CLANG_WARN_INT_CONVERSION = YES;
				CLANG_WARN_OBJC_ROOT_CLASS = YES_ERROR;
				CLANG_WARN_UNREACHABLE_CODE = YES;
				CLANG_WARN__DUPLICATE_METHOD_MATCH = YES;
				"CODE_SIGN_IDENTITY[sdk=iphoneos*]" = "iPhone Developer";
				COPY_PHASE_STRIP = NO;
				DEBUG_INFORMATION_FORMAT = "dwarf-with-dsym";
				ENABLE_STRICT_OBJC_MSGSEND = YES;
				GCC_C_LANGUAGE_STANDARD = gnu99;
				GCC_DYNAMIC_NO_PIC = NO;
				GCC_NO_COMMON_BLOCKS = YES;
				GCC_OPTIMIZATION_LEVEL = 0;
				GCC_PREPROCESSOR_DEFINITIONS = (
					"DEBUG=1",
					"$(inherited)",
				);
				GCC_SYMBOLS_PRIVATE_EXTERN = NO;
				GCC_WARN_64_TO_32_BIT_CONVERSION = YES;
				GCC_WARN_ABOUT_RETURN_TYPE = YES_ERROR;
				GCC_WARN_UNDECLARED_SELECTOR = YES;
				GCC_WARN_UNINITIALIZED_AUTOS = YES_AGGRESSIVE;
				GCC_WARN_UNUSED_FUNCTION = YES;
				GCC_WARN_UNUSED_VARIABLE = YES;
				IPHONEOS_DEPLOYMENT_TARGET = 8.4;
				MTL_ENABLE_DEBUG_INFO = YES;
				ONLY_ACTIVE_ARCH = YES;
				SDKROOT = iphoneos;
			};
			name = Debug;
		};
		510C4A3D1B5FFA2300755A0E /* Release */ = {
			isa = XCBuildConfiguration;
			buildSettings = {
				ALWAYS_SEARCH_USER_PATHS = NO;
				CLANG_CXX_LANGUAGE_STANDARD = "gnu++0x";
				CLANG_CXX_LIBRARY = "libc++";
				CLANG_ENABLE_MODULES = YES;
				CLANG_ENABLE_OBJC_ARC = YES;
				CLANG_WARN_BOOL_CONVERSION = YES;
				CLANG_WARN_CONSTANT_CONVERSION = YES;
				CLANG_WARN_DIRECT_OBJC_ISA_USAGE = YES_ERROR;
				CLANG_WARN_EMPTY_BODY = YES;
				CLANG_WARN_ENUM_CONVERSION = YES;
				CLANG_WARN_INT_CONVERSION = YES;
				CLANG_WARN_OBJC_ROOT_CLASS = YES_ERROR;
				CLANG_WARN_UNREACHABLE_CODE = YES;
				CLANG_WARN__DUPLICATE_METHOD_MATCH = YES;
				"CODE_SIGN_IDENTITY[sdk=iphoneos*]" = "iPhone Developer";
				COPY_PHASE_STRIP = NO;
				DEBUG_INFORMATION_FORMAT = "dwarf-with-dsym";
				ENABLE_NS_ASSERTIONS = NO;
				ENABLE_STRICT_OBJC_MSGSEND = YES;
				GCC_C_LANGUAGE_STANDARD = gnu99;
				GCC_NO_COMMON_BLOCKS = YES;
				GCC_WARN_64_TO_32_BIT_CONVERSION = YES;
				GCC_WARN_ABOUT_RETURN_TYPE = YES_ERROR;
				GCC_WARN_UNDECLARED_SELECTOR = YES;
				GCC_WARN_UNINITIALIZED_AUTOS = YES_AGGRESSIVE;
				GCC_WARN_UNUSED_FUNCTION = YES;
				GCC_WARN_UNUSED_VARIABLE = YES;
				IPHONEOS_DEPLOYMENT_TARGET = 8.4;
				MTL_ENABLE_DEBUG_INFO = NO;
				SDKROOT = iphoneos;
				VALIDATE_PRODUCT = YES;
			};
			name = Release;
		};
		510C4A3F1B5FFA2300755A0E /* Debug */ = {
			isa = XCBuildConfiguration;
			buildSettings = {
				ASSETCATALOG_COMPILER_APPICON_NAME = AppIcon;
				INFOPLIST_FILE = TwitterUI1/Info.plist;
				LD_RUNPATH_SEARCH_PATHS = "$(inherited) @executable_path/Frameworks";
				PRODUCT_NAME = "$(TARGET_NAME)";
			};
			name = Debug;
		};
		510C4A401B5FFA2300755A0E /* Release */ = {
			isa = XCBuildConfiguration;
			buildSettings = {
				ASSETCATALOG_COMPILER_APPICON_NAME = AppIcon;
				INFOPLIST_FILE = TwitterUI1/Info.plist;
				LD_RUNPATH_SEARCH_PATHS = "$(inherited) @executable_path/Frameworks";
				PRODUCT_NAME = "$(TARGET_NAME)";
			};
			name = Release;
		};
		510C4A421B5FFA2300755A0E /* Debug */ = {
			isa = XCBuildConfiguration;
			buildSettings = {
				BUNDLE_LOADER = "$(TEST_HOST)";
				FRAMEWORK_SEARCH_PATHS = (
					"$(SDKROOT)/Developer/Library/Frameworks",
					"$(inherited)",
				);
				GCC_PREPROCESSOR_DEFINITIONS = (
					"DEBUG=1",
					"$(inherited)",
				);
				INFOPLIST_FILE = TwitterUI1Tests/Info.plist;
				LD_RUNPATH_SEARCH_PATHS = "$(inherited) @executable_path/Frameworks @loader_path/Frameworks";
				PRODUCT_NAME = "$(TARGET_NAME)";
				TEST_HOST = "$(BUILT_PRODUCTS_DIR)/TwitterUI1.app/TwitterUI1";
			};
			name = Debug;
		};
		510C4A431B5FFA2300755A0E /* Release */ = {
			isa = XCBuildConfiguration;
			buildSettings = {
				BUNDLE_LOADER = "$(TEST_HOST)";
				FRAMEWORK_SEARCH_PATHS = (
					"$(SDKROOT)/Developer/Library/Frameworks",
					"$(inherited)",
				);
				INFOPLIST_FILE = TwitterUI1Tests/Info.plist;
				LD_RUNPATH_SEARCH_PATHS = "$(inherited) @executable_path/Frameworks @loader_path/Frameworks";
				PRODUCT_NAME = "$(TARGET_NAME)";
				TEST_HOST = "$(BUILT_PRODUCTS_DIR)/TwitterUI1.app/TwitterUI1";
			};
			name = Release;
		};
/* End XCBuildConfiguration section */

/* Begin XCConfigurationList section */
		510C4A161B5FFA2300755A0E /* Build configuration list for PBXProject "TwitterUI1" */ = {
			isa = XCConfigurationList;
			buildConfigurations = (
				510C4A3C1B5FFA2300755A0E /* Debug */,
				510C4A3D1B5FFA2300755A0E /* Release */,
			);
			defaultConfigurationIsVisible = 0;
			defaultConfigurationName = Release;
		};
		510C4A3E1B5FFA2300755A0E /* Build configuration list for PBXNativeTarget "TwitterUI1" */ = {
			isa = XCConfigurationList;
			buildConfigurations = (
				510C4A3F1B5FFA2300755A0E /* Debug */,
				510C4A401B5FFA2300755A0E /* Release */,
			);
			defaultConfigurationIsVisible = 0;
			defaultConfigurationName = Release;
		};
		510C4A411B5FFA2300755A0E /* Build configuration list for PBXNativeTarget "TwitterUI1Tests" */ = {
			isa = XCConfigurationList;
			buildConfigurations = (
				510C4A421B5FFA2300755A0E /* Debug */,
				510C4A431B5FFA2300755A0E /* Release */,
			);
			defaultConfigurationIsVisible = 0;
			defaultConfigurationName = Release;
		};
/* End XCConfigurationList section */
	};
	rootObject = 510C4A131B5FFA2300755A0E /* Project object */;
}
